
Microsoft Visual Studio Solution File, Format Version 12.00
# Visual Studio 14
VisualStudioVersion = 14.0.25420.1
MinimumVisualStudioVersion = 10.0.40219.1
Project("{FAE04EC0-301F-11D3-BF4B-00C04F79EFBC}") = "WebApiIntro", "WebApiIntro\WebApiIntro.csproj", "{B32D34CE-2EFC-4543-9D07-F27CE45B2BC9}"
EndProject
Project("{FAE04EC0-301F-11D3-BF4B-00C04F79EFBC}") = "WebApiIntro.Tests", "WebApiIntro.Tests\WebApiIntro.Tests.csproj", "{DBD6CB9C-B74B-4448-B3B4-5B87848A61F6}"
EndProject
Global
	GlobalSection(SolutionConfigurationPlatforms) = preSolution
		Debug|Any CPU = Debug|Any CPU
		Release|Any CPU = Release|Any CPU
	EndGlobalSection
	GlobalSection(ProjectConfigurationPlatforms) = postSolution
		{B32D34CE-2EFC-4543-9D07-F27CE45B2BC9}.Debug|Any CPU.ActiveCfg = Debug|Any CPU
		{B32D34CE-2EFC-4543-9D07-F27CE45B2BC9}.Debug|Any CPU.Build.0 = Debug|Any CPU
		{B32D34CE-2EFC-4543-9D07-F27CE45B2BC9}.Release|Any CPU.ActiveCfg = Release|Any CPU
		{B32D34CE-2EFC-4543-9D07-F27CE45B2BC9}.Release|Any CPU.Build.0 = Release|Any CPU
		{DBD6CB9C-B74B-4448-B3B4-5B87848A61F6}.Debug|Any CPU.ActiveCfg = Debug|Any CPU
		{DBD6CB9C-B74B-4448-B3B4-5B87848A61F6}.Debug|Any CPU.Build.0 = Debug|Any CPU
		{DBD6CB9C-B74B-4448-B3B4-5B87848A61F6}.Release|Any CPU.ActiveCfg = Release|Any CPU
		{DBD6CB9C-B74B-4448-B3B4-5B87848A61F6}.Release|Any CPU.Build.0 = Release|Any CPU
	EndGlobalSection
	GlobalSection(SolutionProperties) = preSolution
		HideSolutionNode = FALSE
	EndGlobalSection
EndGlobal
